// !$*UTF8*$!
{
	archiveVersion = 1;
	classes = {
	};
	objectVersion = 46;
	objects = {

/* Begin PBXBuildFile section */
		DBFD563418A572BF005AB3A6 /* Foundation.framework in Frameworks */ = {isa = PBXBuildFile; fileRef = DBFD563318A572BF005AB3A6 /* Foundation.framework */; };
		DBFD563618A572BF005AB3A6 /* CoreGraphics.framework in Frameworks */ = {isa = PBXBuildFile; fileRef = DBFD563518A572BF005AB3A6 /* CoreGraphics.framework */; };
		DBFD563818A572BF005AB3A6 /* UIKit.framework in Frameworks */ = {isa = PBXBuildFile; fileRef = DBFD563718A572BF005AB3A6 /* UIKit.framework */; };
		DBFD563E18A572BF005AB3A6 /* InfoPlist.strings in Resources */ = {isa = PBXBuildFile; fileRef = DBFD563C18A572BF005AB3A6 /* InfoPlist.strings */; };
		DBFD564018A572BF005AB3A6 /* main.m in Sources */ = {isa = PBXBuildFile; fileRef = DBFD563F18A572BF005AB3A6 /* main.m */; };
		DBFD564418A572BF005AB3A6 /* CHAppDelegate.m in Sources */ = {isa = PBXBuildFile; fileRef = DBFD564318A572BF005AB3A6 /* CHAppDelegate.m */; };
		DBFD564718A572BF005AB3A6 /* Main.storyboard in Resources */ = {isa = PBXBuildFile; fileRef = DBFD564518A572BF005AB3A6 /* Main.storyboard */; };
		DBFD564A18A572BF005AB3A6 /* CHViewController.m in Sources */ = {isa = PBXBuildFile; fileRef = DBFD564918A572BF005AB3A6 /* CHViewController.m */; };
		DBFD564C18A572BF005AB3A6 /* Images.xcassets in Resources */ = {isa = PBXBuildFile; fileRef = DBFD564B18A572BF005AB3A6 /* Images.xcassets */; };
		DBFD565318A572BF005AB3A6 /* XCTest.framework in Frameworks */ = {isa = PBXBuildFile; fileRef = DBFD565218A572BF005AB3A6 /* XCTest.framework */; };
		DBFD565418A572BF005AB3A6 /* Foundation.framework in Frameworks */ = {isa = PBXBuildFile; fileRef = DBFD563318A572BF005AB3A6 /* Foundation.framework */; };
		DBFD565518A572BF005AB3A6 /* UIKit.framework in Frameworks */ = {isa = PBXBuildFile; fileRef = DBFD563718A572BF005AB3A6 /* UIKit.framework */; };
		DBFD565D18A572BF005AB3A6 /* InfoPlist.strings in Resources */ = {isa = PBXBuildFile; fileRef = DBFD565B18A572BF005AB3A6 /* InfoPlist.strings */; };
		DBFD566B18A5737A005AB3A6 /* NSArray+CHFunctionalAdditions.m in Sources */ = {isa = PBXBuildFile; fileRef = DBFD566A18A5737A005AB3A6 /* NSArray+CHFunctionalAdditions.m */; };
		DBFD566D18A5739B005AB3A6 /* CH_functional_array_tests.m in Sources */ = {isa = PBXBuildFile; fileRef = DBFD566C18A5739B005AB3A6 /* CH_functional_array_tests.m */; };
/* End PBXBuildFile section */

/* Begin PBXContainerItemProxy section */
		DBFD565618A572BF005AB3A6 /* PBXContainerItemProxy */ = {
			isa = PBXContainerItemProxy;
			containerPortal = DBFD562818A572BF005AB3A6 /* Project object */;
			proxyType = 1;
			remoteGlobalIDString = DBFD562F18A572BF005AB3A6;
			remoteInfo = CHFunctionalArrayAdditions;
		};
/* End PBXContainerItemProxy section */

/* Begin PBXFileReference section */
		DBFD563018A572BF005AB3A6 /* CHFunctionalArrayAdditions.app */ = {isa = PBXFileReference; explicitFileType = wrapper.application; includeInIndex = 0; path = CHFunctionalArrayAdditions.app; sourceTree = BUILT_PRODUCTS_DIR; };
		DBFD563318A572BF005AB3A6 /* Foundation.framework */ = {isa = PBXFileReference; lastKnownFileType = wrapper.framework; name = Foundation.framework; path = System/Library/Frameworks/Foundation.framework; sourceTree = SDKROOT; };
		DBFD563518A572BF005AB3A6 /* CoreGraphics.framework */ = {isa = PBXFileReference; lastKnownFileType = wrapper.framework; name = CoreGraphics.framework; path = System/Library/Frameworks/CoreGraphics.framework; sourceTree = SDKROOT; };
		DBFD563718A572BF005AB3A6 /* UIKit.framework */ = {isa = PBXFileReference; lastKnownFileType = wrapper.framework; name = UIKit.framework; path = System/Library/Frameworks/UIKit.framework; sourceTree = SDKROOT; };
		DBFD563B18A572BF005AB3A6 /* CHFunctionalArrayAdditions-Info.plist */ = {isa = PBXFileReference; lastKnownFileType = text.plist.xml; path = "CHFunctionalArrayAdditions-Info.plist"; sourceTree = "<group>"; };
		DBFD563D18A572BF005AB3A6 /* en */ = {isa = PBXFileReference; lastKnownFileType = text.plist.strings; name = en; path = en.lproj/InfoPlist.strings; sourceTree = "<group>"; };
		DBFD563F18A572BF005AB3A6 /* main.m */ = {isa = PBXFileReference; lastKnownFileType = sourcecode.c.objc; path = main.m; sourceTree = "<group>"; };
		DBFD564118A572BF005AB3A6 /* CHFunctionalArrayAdditions-Prefix.pch */ = {isa = PBXFileReference; lastKnownFileType = sourcecode.c.h; path = "CHFunctionalArrayAdditions-Prefix.pch"; sourceTree = "<group>"; };
		DBFD564218A572BF005AB3A6 /* CHAppDelegate.h */ = {isa = PBXFileReference; lastKnownFileType = sourcecode.c.h; path = CHAppDelegate.h; sourceTree = "<group>"; };
		DBFD564318A572BF005AB3A6 /* CHAppDelegate.m */ = {isa = PBXFileReference; lastKnownFileType = sourcecode.c.objc; path = CHAppDelegate.m; sourceTree = "<group>"; };
		DBFD564618A572BF005AB3A6 /* Base */ = {isa = PBXFileReference; lastKnownFileType = file.storyboard; name = Base; path = Base.lproj/Main.storyboard; sourceTree = "<group>"; };
		DBFD564818A572BF005AB3A6 /* CHViewController.h */ = {isa = PBXFileReference; lastKnownFileType = sourcecode.c.h; path = CHViewController.h; sourceTree = "<group>"; };
		DBFD564918A572BF005AB3A6 /* CHViewController.m */ = {isa = PBXFileReference; lastKnownFileType = sourcecode.c.objc; path = CHViewController.m; sourceTree = "<group>"; };
		DBFD564B18A572BF005AB3A6 /* Images.xcassets */ = {isa = PBXFileReference; lastKnownFileType = folder.assetcatalog; path = Images.xcassets; sourceTree = "<group>"; };
		DBFD565118A572BF005AB3A6 /* CHFunctionalArrayAdditionsTests.xctest */ = {isa = PBXFileReference; explicitFileType = wrapper.cfbundle; includeInIndex = 0; path = CHFunctionalArrayAdditionsTests.xctest; sourceTree = BUILT_PRODUCTS_DIR; };
		DBFD565218A572BF005AB3A6 /* XCTest.framework */ = {isa = PBXFileReference; lastKnownFileType = wrapper.framework; name = XCTest.framework; path = Library/Frameworks/XCTest.framework; sourceTree = DEVELOPER_DIR; };
		DBFD565A18A572BF005AB3A6 /* CHFunctionalArrayAdditionsTests-Info.plist */ = {isa = PBXFileReference; lastKnownFileType = text.plist.xml; path = "CHFunctionalArrayAdditionsTests-Info.plist"; sourceTree = "<group>"; };
		DBFD565C18A572BF005AB3A6 /* en */ = {isa = PBXFileReference; lastKnownFileType = text.plist.strings; name = en; path = en.lproj/InfoPlist.strings; sourceTree = "<group>"; };
		DBFD566918A5737A005AB3A6 /* NSArray+CHFunctionalAdditions.h */ = {isa = PBXFileReference; fileEncoding = 4; lastKnownFileType = sourcecode.c.h; name = "NSArray+CHFunctionalAdditions.h"; path = "Source/NSArray+CHFunctionalAdditions.h"; sourceTree = "<group>"; };
		DBFD566A18A5737A005AB3A6 /* NSArray+CHFunctionalAdditions.m */ = {isa = PBXFileReference; fileEncoding = 4; lastKnownFileType = sourcecode.c.objc; name = "NSArray+CHFunctionalAdditions.m"; path = "Source/NSArray+CHFunctionalAdditions.m"; sourceTree = "<group>"; };
		DBFD566C18A5739B005AB3A6 /* CH_functional_array_tests.m */ = {isa = PBXFileReference; fileEncoding = 4; lastKnownFileType = sourcecode.c.objc; path = CH_functional_array_tests.m; sourceTree = "<group>"; };
/* End PBXFileReference section */

/* Begin PBXFrameworksBuildPhase section */
		DBFD562D18A572BF005AB3A6 /* Frameworks */ = {
			isa = PBXFrameworksBuildPhase;
			buildActionMask = 2147483647;
			files = (
				DBFD563618A572BF005AB3A6 /* CoreGraphics.framework in Frameworks */,
				DBFD563818A572BF005AB3A6 /* UIKit.framework in Frameworks */,
				DBFD563418A572BF005AB3A6 /* Foundation.framework in Frameworks */,
			);
			runOnlyForDeploymentPostprocessing = 0;
		};
		DBFD564E18A572BF005AB3A6 /* Frameworks */ = {
			isa = PBXFrameworksBuildPhase;
			buildActionMask = 2147483647;
			files = (
				DBFD565318A572BF005AB3A6 /* XCTest.framework in Frameworks */,
				DBFD565518A572BF005AB3A6 /* UIKit.framework in Frameworks */,
				DBFD565418A572BF005AB3A6 /* Foundation.framework in Frameworks */,
			);
			runOnlyForDeploymentPostprocessing = 0;
		};
/* End PBXFrameworksBuildPhase section */

/* Begin PBXGroup section */
		DBFD562718A572BF005AB3A6 = {
			isa = PBXGroup;
			children = (
				DBFD563918A572BF005AB3A6 /* CHFunctionalArrayAdditions */,
				DBFD565818A572BF005AB3A6 /* CHFunctionalArrayAdditionsTests */,
				DBFD563218A572BF005AB3A6 /* Frameworks */,
				DBFD563118A572BF005AB3A6 /* Products */,
			);
			sourceTree = "<group>";
		};
		DBFD563118A572BF005AB3A6 /* Products */ = {
			isa = PBXGroup;
			children = (
				DBFD563018A572BF005AB3A6 /* CHFunctionalArrayAdditions.app */,
				DBFD565118A572BF005AB3A6 /* CHFunctionalArrayAdditionsTests.xctest */,
			);
			name = Products;
			sourceTree = "<group>";
		};
		DBFD563218A572BF005AB3A6 /* Frameworks */ = {
			isa = PBXGroup;
			children = (
				DBFD563318A572BF005AB3A6 /* Foundation.framework */,
				DBFD563518A572BF005AB3A6 /* CoreGraphics.framework */,
				DBFD563718A572BF005AB3A6 /* UIKit.framework */,
				DBFD565218A572BF005AB3A6 /* XCTest.framework */,
			);
			name = Frameworks;
			sourceTree = "<group>";
		};
		DBFD563918A572BF005AB3A6 /* CHFunctionalArrayAdditions */ = {
			isa = PBXGroup;
			children = (
				DBFD566818A572CB005AB3A6 /* Source */,
				DBFD566E18A573EF005AB3A6 /* App Delegate and Storyboard */,
				DBFD566F18A573FE005AB3A6 /* RootVC */,
				DBFD564B18A572BF005AB3A6 /* Images.xcassets */,
				DBFD563A18A572BF005AB3A6 /* Supporting Files */,
			);
			path = CHFunctionalArrayAdditions;
			sourceTree = "<group>";
		};
		DBFD563A18A572BF005AB3A6 /* Supporting Files */ = {
			isa = PBXGroup;
			children = (
				DBFD563B18A572BF005AB3A6 /* CHFunctionalArrayAdditions-Info.plist */,
				DBFD563C18A572BF005AB3A6 /* InfoPlist.strings */,
				DBFD563F18A572BF005AB3A6 /* main.m */,
				DBFD564118A572BF005AB3A6 /* CHFunctionalArrayAdditions-Prefix.pch */,
			);
			name = "Supporting Files";
			sourceTree = "<group>";
		};
		DBFD565818A572BF005AB3A6 /* CHFunctionalArrayAdditionsTests */ = {
			isa = PBXGroup;
			children = (
				DBFD566C18A5739B005AB3A6 /* CH_functional_array_tests.m */,
				DBFD565918A572BF005AB3A6 /* Supporting Files */,
			);
			path = CHFunctionalArrayAdditionsTests;
			sourceTree = "<group>";
		};
		DBFD565918A572BF005AB3A6 /* Supporting Files */ = {
			isa = PBXGroup;
			children = (
				DBFD565A18A572BF005AB3A6 /* CHFunctionalArrayAdditionsTests-Info.plist */,
				DBFD565B18A572BF005AB3A6 /* InfoPlist.strings */,
			);
			name = "Supporting Files";
			sourceTree = "<group>";
		};
		DBFD566818A572CB005AB3A6 /* Source */ = {
			isa = PBXGroup;
			children = (
				DBFD566918A5737A005AB3A6 /* NSArray+CHFunctionalAdditions.h */,
				DBFD566A18A5737A005AB3A6 /* NSArray+CHFunctionalAdditions.m */,
			);
			name = Source;
			sourceTree = "<group>";
		};
		DBFD566E18A573EF005AB3A6 /* App Delegate and Storyboard */ = {
			isa = PBXGroup;
			children = (
				DBFD564218A572BF005AB3A6 /* CHAppDelegate.h */,
				DBFD564318A572BF005AB3A6 /* CHAppDelegate.m */,
				DBFD564518A572BF005AB3A6 /* Main.storyboard */,
			);
			name = "App Delegate and Storyboard";
			sourceTree = "<group>";
		};
		DBFD566F18A573FE005AB3A6 /* RootVC */ = {
			isa = PBXGroup;
			children = (
				DBFD564818A572BF005AB3A6 /* CHViewController.h */,
				DBFD564918A572BF005AB3A6 /* CHViewController.m */,
			);
			name = RootVC;
			sourceTree = "<group>";
		};
/* End PBXGroup section */

/* Begin PBXNativeTarget section */
		DBFD562F18A572BF005AB3A6 /* CHFunctionalArrayAdditions */ = {
			isa = PBXNativeTarget;
			buildConfigurationList = DBFD566218A572BF005AB3A6 /* Build configuration list for PBXNativeTarget "CHFunctionalArrayAdditions" */;
			buildPhases = (
				DBFD562C18A572BF005AB3A6 /* Sources */,
				DBFD562D18A572BF005AB3A6 /* Frameworks */,
				DBFD562E18A572BF005AB3A6 /* Resources */,
			);
			buildRules = (
			);
			dependencies = (
			);
			name = CHFunctionalArrayAdditions;
			productName = CHFunctionalArrayAdditions;
			productReference = DBFD563018A572BF005AB3A6 /* CHFunctionalArrayAdditions.app */;
			productType = "com.apple.product-type.application";
		};
		DBFD565018A572BF005AB3A6 /* CHFunctionalArrayAdditionsTests */ = {
			isa = PBXNativeTarget;
			buildConfigurationList = DBFD566518A572BF005AB3A6 /* Build configuration list for PBXNativeTarget "CHFunctionalArrayAdditionsTests" */;
			buildPhases = (
				DBFD564D18A572BF005AB3A6 /* Sources */,
				DBFD564E18A572BF005AB3A6 /* Frameworks */,
				DBFD564F18A572BF005AB3A6 /* Resources */,
			);
			buildRules = (
			);
			dependencies = (
				DBFD565718A572BF005AB3A6 /* PBXTargetDependency */,
			);
			name = CHFunctionalArrayAdditionsTests;
			productName = CHFunctionalArrayAdditionsTests;
			productReference = DBFD565118A572BF005AB3A6 /* CHFunctionalArrayAdditionsTests.xctest */;
			productType = "com.apple.product-type.bundle.unit-test";
		};
/* End PBXNativeTarget section */

/* Begin PBXProject section */
		DBFD562818A572BF005AB3A6 /* Project object */ = {
			isa = PBXProject;
			attributes = {
				CLASSPREFIX = CH;
				LastUpgradeCheck = 0500;
				ORGANIZATIONNAME = "Blue Plover Productions LLC";
				TargetAttributes = {
					DBFD565018A572BF005AB3A6 = {
						TestTargetID = DBFD562F18A572BF005AB3A6;
					};
				};
			};
			buildConfigurationList = DBFD562B18A572BF005AB3A6 /* Build configuration list for PBXProject "CHFunctionalArrayAdditions" */;
			compatibilityVersion = "Xcode 3.2";
			developmentRegion = English;
			hasScannedForEncodings = 0;
			knownRegions = (
				en,
				Base,
			);
			mainGroup = DBFD562718A572BF005AB3A6;
			productRefGroup = DBFD563118A572BF005AB3A6 /* Products */;
			projectDirPath = "";
			projectRoot = "";
			targets = (
				DBFD562F18A572BF005AB3A6 /* CHFunctionalArrayAdditions */,
				DBFD565018A572BF005AB3A6 /* CHFunctionalArrayAdditionsTests */,
			);
		};
/* End PBXProject section */

/* Begin PBXResourcesBuildPhase section */
		DBFD562E18A572BF005AB3A6 /* Resources */ = {
			isa = PBXResourcesBuildPhase;
			buildActionMask = 2147483647;
			files = (
				DBFD564C18A572BF005AB3A6 /* Images.xcassets in Resources */,
				DBFD563E18A572BF005AB3A6 /* InfoPlist.strings in Resources */,
				DBFD564718A572BF005AB3A6 /* Main.storyboard in Resources */,
			);
			runOnlyForDeploymentPostprocessing = 0;
		};
		DBFD564F18A572BF005AB3A6 /* Resources */ = {
			isa = PBXResourcesBuildPhase;
			buildActionMask = 2147483647;
			files = (
				DBFD565D18A572BF005AB3A6 /* InfoPlist.strings in Resources */,
			);
			runOnlyForDeploymentPostprocessing = 0;
		};
/* End PBXResourcesBuildPhase section */

/* Begin PBXSourcesBuildPhase section */
		DBFD562C18A572BF005AB3A6 /* Sources */ = {
			isa = PBXSourcesBuildPhase;
			buildActionMask = 2147483647;
			files = (
				DBFD564018A572BF005AB3A6 /* main.m in Sources */,
				DBFD564418A572BF005AB3A6 /* CHAppDelegate.m in Sources */,
				DBFD566B18A5737A005AB3A6 /* NSArray+CHFunctionalAdditions.m in Sources */,
				DBFD564A18A572BF005AB3A6 /* CHViewController.m in Sources */,
			);
			runOnlyForDeploymentPostprocessing = 0;
		};
		DBFD564D18A572BF005AB3A6 /* Sources */ = {
			isa = PBXSourcesBuildPhase;
			buildActionMask = 2147483647;
			files = (
				DBFD566D18A5739B005AB3A6 /* CH_functional_array_tests.m in Sources */,
			);
			runOnlyForDeploymentPostprocessing = 0;
		};
/* End PBXSourcesBuildPhase section */

/* Begin PBXTargetDependency section */
		DBFD565718A572BF005AB3A6 /* PBXTargetDependency */ = {
			isa = PBXTargetDependency;
			target = DBFD562F18A572BF005AB3A6 /* CHFunctionalArrayAdditions */;
			targetProxy = DBFD565618A572BF005AB3A6 /* PBXContainerItemProxy */;
		};
/* End PBXTargetDependency section */

/* Begin PBXVariantGroup section */
		DBFD563C18A572BF005AB3A6 /* InfoPlist.strings */ = {
			isa = PBXVariantGroup;
			children = (
				DBFD563D18A572BF005AB3A6 /* en */,
			);
			name = InfoPlist.strings;
			sourceTree = "<group>";
		};
		DBFD564518A572BF005AB3A6 /* Main.storyboard */ = {
			isa = PBXVariantGroup;
			children = (
				DBFD564618A572BF005AB3A6 /* Base */,
			);
			name = Main.storyboard;
			sourceTree = "<group>";
		};
		DBFD565B18A572BF005AB3A6 /* InfoPlist.strings */ = {
			isa = PBXVariantGroup;
			children = (
				DBFD565C18A572BF005AB3A6 /* en */,
			);
			name = InfoPlist.strings;
			sourceTree = "<group>";
		};
/* End PBXVariantGroup section */

/* Begin XCBuildConfiguration section */
		DBFD566018A572BF005AB3A6 /* Debug */ = {
			isa = XCBuildConfiguration;
			buildSettings = {
				ALWAYS_SEARCH_USER_PATHS = NO;
				ARCHS = "$(ARCHS_STANDARD_INCLUDING_64_BIT)";
				CLANG_CXX_LANGUAGE_STANDARD = "gnu++0x";
				CLANG_CXX_LIBRARY = "libc++";
				CLANG_ENABLE_MODULES = YES;
				CLANG_ENABLE_OBJC_ARC = YES;
				CLANG_WARN_BOOL_CONVERSION = YES;
				CLANG_WARN_CONSTANT_CONVERSION = YES;
				CLANG_WARN_DIRECT_OBJC_ISA_USAGE = YES_ERROR;
				CLANG_WARN_EMPTY_BODY = YES;
				CLANG_WARN_ENUM_CONVERSION = YES;
				CLANG_WARN_INT_CONVERSION = YES;
				CLANG_WARN_OBJC_ROOT_CLASS = YES_ERROR;
				CLANG_WARN__DUPLICATE_METHOD_MATCH = YES;
				"CODE_SIGN_IDENTITY[sdk=iphoneos*]" = "iPhone Developer";
				COPY_PHASE_STRIP = NO;
				GCC_C_LANGUAGE_STANDARD = gnu99;
				GCC_DYNAMIC_NO_PIC = NO;
				GCC_OPTIMIZATION_LEVEL = 0;
				GCC_PREPROCESSOR_DEFINITIONS = (
					"DEBUG=1",
					"$(inherited)",
				);
				GCC_SYMBOLS_PRIVATE_EXTERN = NO;
				GCC_WARN_64_TO_32_BIT_CONVERSION = YES;
				GCC_WARN_ABOUT_RETURN_TYPE = YES_ERROR;
				GCC_WARN_UNDECLARED_SELECTOR = YES;
				GCC_WARN_UNINITIALIZED_AUTOS = YES;
				GCC_WARN_UNUSED_FUNCTION = YES;
				GCC_WARN_UNUSED_VARIABLE = YES;
				IPHONEOS_DEPLOYMENT_TARGET = 7.0;
				ONLY_ACTIVE_ARCH = YES;
				SDKROOT = iphoneos;
			};
			name = Debug;
		};
		DBFD566118A572BF005AB3A6 /* Release */ = {
			isa = XCBuildConfiguration;
			buildSettings = {
				ALWAYS_SEARCH_USER_PATHS = NO;
				ARCHS = "$(ARCHS_STANDARD_INCLUDING_64_BIT)";
				CLANG_CXX_LANGUAGE_STANDARD = "gnu++0x";
				CLANG_CXX_LIBRARY = "libc++";
				CLANG_ENABLE_MODULES = YES;
				CLANG_ENABLE_OBJC_ARC = YES;
				CLANG_WARN_BOOL_CONVERSION = YES;
				CLANG_WARN_CONSTANT_CONVERSION = YES;
				CLANG_WARN_DIRECT_OBJC_ISA_USAGE = YES_ERROR;
				CLANG_WARN_EMPTY_BODY = YES;
				CLANG_WARN_ENUM_CONVERSION = YES;
				CLANG_WARN_INT_CONVERSION = YES;
				CLANG_WARN_OBJC_ROOT_CLASS = YES_ERROR;
				CLANG_WARN__DUPLICATE_METHOD_MATCH = YES;
				"CODE_SIGN_IDENTITY[sdk=iphoneos*]" = "iPhone Developer";
				COPY_PHASE_STRIP = YES;
				ENABLE_NS_ASSERTIONS = NO;
				GCC_C_LANGUAGE_STANDARD = gnu99;
				GCC_WARN_64_TO_32_BIT_CONVERSION = YES;
				GCC_WARN_ABOUT_RETURN_TYPE = YES_ERROR;
				GCC_WARN_UNDECLARED_SELECTOR = YES;
				GCC_WARN_UNINITIALIZED_AUTOS = YES;
				GCC_WARN_UNUSED_FUNCTION = YES;
				GCC_WARN_UNUSED_VARIABLE = YES;
				IPHONEOS_DEPLOYMENT_TARGET = 7.0;
				SDKROOT = iphoneos;
				VALIDATE_PRODUCT = YES;
			};
			name = Release;
		};
		DBFD566318A572BF005AB3A6 /* Debug */ = {
			isa = XCBuildConfiguration;
			buildSettings = {
				ASSETCATALOG_COMPILER_APPICON_NAME = AppIcon;
				ASSETCATALOG_COMPILER_LAUNCHIMAGE_NAME = LaunchImage;
				GCC_PRECOMPILE_PREFIX_HEADER = YES;
				GCC_PREFIX_HEADER = "CHFunctionalArrayAdditions/CHFunctionalArrayAdditions-Prefix.pch";
				INFOPLIST_FILE = "CHFunctionalArrayAdditions/CHFunctionalArrayAdditions-Info.plist";
				PRODUCT_NAME = "$(TARGET_NAME)";
				WRAPPER_EXTENSION = app;
			};
			name = Debug;
		};
		DBFD566418A572BF005AB3A6 /* Release */ = {
			isa = XCBuildConfiguration;
			buildSettings = {
				ASSETCATALOG_COMPILER_APPICON_NAME = AppIcon;
				ASSETCATALOG_COMPILER_LAUNCHIMAGE_NAME = LaunchImage;
				GCC_PRECOMPILE_PREFIX_HEADER = YES;
				GCC_PREFIX_HEADER = "CHFunctionalArrayAdditions/CHFunctionalArrayAdditions-Prefix.pch";
				INFOPLIST_FILE = "CHFunctionalArrayAdditions/CHFunctionalArrayAdditions-Info.plist";
				PRODUCT_NAME = "$(TARGET_NAME)";
				WRAPPER_EXTENSION = app;
			};
			name = Release;
		};
		DBFD566618A572BF005AB3A6 /* Debug */ = {
			isa = XCBuildConfiguration;
			buildSettings = {
				ARCHS = "$(ARCHS_STANDARD_INCLUDING_64_BIT)";
				BUNDLE_LOADER = "$(BUILT_PRODUCTS_DIR)/CHFunctionalArrayAdditions.app/CHFunctionalArrayAdditions";
				FRAMEWORK_SEARCH_PATHS = (
					"$(SDKROOT)/Developer/Library/Frameworks",
					"$(inherited)",
					"$(DEVELOPER_FRAMEWORKS_DIR)",
				);
				GCC_PRECOMPILE_PREFIX_HEADER = YES;
				GCC_PREFIX_HEADER = "CHFunctionalArrayAdditions/CHFunctionalArrayAdditions-Prefix.pch";
				GCC_PREPROCESSOR_DEFINITIONS = (
					"DEBUG=1",
					"$(inherited)",
				);
				INFOPLIST_FILE = "CHFunctionalArrayAdditionsTests/CHFunctionalArrayAdditionsTests-Info.plist";
				PRODUCT_NAME = "$(TARGET_NAME)";
				TEST_HOST = "$(BUNDLE_LOADER)";
				WRAPPER_EXTENSION = xctest;
			};
			name = Debug;
		};
		DBFD566718A572BF005AB3A6 /* Release */ = {
			isa = XCBuildConfiguration;
			buildSettings = {
				ARCHS = "$(ARCHS_STANDARD_INCLUDING_64_BIT)";
				BUNDLE_LOADER = "$(BUILT_PRODUCTS_DIR)/CHFunctionalArrayAdditions.app/CHFunctionalArrayAdditions";
				FRAMEWORK_SEARCH_PATHS = (
					"$(SDKROOT)/Developer/Library/Frameworks",
					"$(inherited)",
					"$(DEVELOPER_FRAMEWORKS_DIR)",
				);
				GCC_PRECOMPILE_PREFIX_HEADER = YES;
				GCC_PREFIX_HEADER = "CHFunctionalArrayAdditions/CHFunctionalArrayAdditions-Prefix.pch";
				INFOPLIST_FILE = "CHFunctionalArrayAdditionsTests/CHFunctionalArrayAdditionsTests-Info.plist";
				PRODUCT_NAME = "$(TARGET_NAME)";
				TEST_HOST = "$(BUNDLE_LOADER)";
				WRAPPER_EXTENSION = xctest;
			};
			name = Release;
		};
/* End XCBuildConfiguration section */

/* Begin XCConfigurationList section */
		DBFD562B18A572BF005AB3A6 /* Build configuration list for PBXProject "CHFunctionalArrayAdditions" */ = {
			isa = XCConfigurationList;
			buildConfigurations = (
				DBFD566018A572BF005AB3A6 /* Debug */,
				DBFD566118A572BF005AB3A6 /* Release */,
			);
			defaultConfigurationIsVisible = 0;
			defaultConfigurationName = Release;
		};
		DBFD566218A572BF005AB3A6 /* Build configuration list for PBXNativeTarget "CHFunctionalArrayAdditions" */ = {
			isa = XCConfigurationList;
			buildConfigurations = (
				DBFD566318A572BF005AB3A6 /* Debug */,
				DBFD566418A572BF005AB3A6 /* Release */,
			);
			defaultConfigurationIsVisible = 0;
		};
		DBFD566518A572BF005AB3A6 /* Build configuration list for PBXNativeTarget "CHFunctionalArrayAdditionsTests" */ = {
			isa = XCConfigurationList;
			buildConfigurations = (
				DBFD566618A572BF005AB3A6 /* Debug */,
				DBFD566718A572BF005AB3A6 /* Release */,
			);
			defaultConfigurationIsVisible = 0;
		};
/* End XCConfigurationList section */
	};
	rootObject = DBFD562818A572BF005AB3A6 /* Project object */;
}
